
Microsoft Visual Studio Solution File, Format Version 12.00
# Visual Studio Version 17
VisualStudioVersion = 17.9.34728.123
MinimumVisualStudioVersion = 10.0.40219.1
Project("{FAE04EC0-301F-11D3-BF4B-00C04F79EFBC}") = "Homework005", "Homework005\Homework005.csproj", "{BFE31DA8-98ED-452B-9523-5E5537E37C8D}"
EndProject
Global
	GlobalSection(SolutionConfigurationPlatforms) = preSolution
		Debug|Any CPU = Debug|Any CPU
		Release|Any CPU = Release|Any CPU
	EndGlobalSection
	GlobalSection(ProjectConfigurationPlatforms) = postSolution
		{BFE31DA8-98ED-452B-9523-5E5537E37C8D}.Debug|Any CPU.ActiveCfg = Debug|Any CPU
		{BFE31DA8-98ED-452B-9523-5E5537E37C8D}.Debug|Any CPU.Build.0 = Debug|Any CPU
		{BFE31DA8-98ED-452B-9523-5E5537E37C8D}.Release|Any CPU.ActiveCfg = Release|Any CPU
		{BFE31DA8-98ED-452B-9523-5E5537E37C8D}.Release|Any CPU.Build.0 = Release|Any CPU
	EndGlobalSection
	GlobalSection(SolutionProperties) = preSolution
		HideSolutionNode = FALSE
	EndGlobalSection
	GlobalSection(ExtensibilityGlobals) = postSolution
		SolutionGuid = {D7B635FD-9C6E-44CA-AF2D-605D2DCD2682}
	EndGlobalSection
EndGlobal
